{"1.1.0",
[{<<"hex_core">>,{pkg,<<"hex_core">>,<<"0.6.8">>},0},
 {<<"verl">>,{pkg,<<"verl">>,<<"1.0.2">>},0}]}.
[
{pkg_hash,[
 {<<"hex_core">>, <<"5F8A0C4B17CB3FBF5381E9AAA4F394587BEC450DF220686CE5CB4BE585789005">>},
 {<<"verl">>, <<"02ECD8E074E247C762383A6FE85533D6D07007529B86E47AAA6A80A9C1BB6629">>}]}
].
