{"1.2.0",
[{<<"acceptor_pool">>,{pkg,<<"acceptor_pool">>,<<"1.0.0">>},1},
 {<<"amqp_client">>,
  {git,"https://gitee.com/fastdgiot/amqp_client",
       {ref,"f952d8e545c3c76a16f86457ff66d84d572c140f"}},
  0},
 {<<"bcrypt">>,
  {git,"https://gitee.com/fastdgiot/erlang-bcrypt.git",
       {ref,"4b4d6870c42d4b8baccea92cf84051c64784fd2e"}},
  0},
 {<<"certifi">>,
  {git,"https://gitee.com/fastdgiot/erlang-certifi",
       {ref,"b2f68f9eeb88e4e283076dfc998526b936217a61"}},
  0},
 {<<"chatterbox">>,{pkg,<<"ts_chatterbox">>,<<"0.13.0">>},1},
 {<<"ctx">>,{pkg,<<"ctx">>,<<"0.6.0">>},1},
 {<<"ejdbc">>,
  {git,"https://gitee.com/fastdgiot/ejdbc",
       {ref,"c42b7e053bf6318085e74c5eefd83e90ffdfbf84"}},
  0},
 {<<"erlmcp">>,
  {git,"https://github.com/banyan-platform/erlmcp.git",
       {ref,"d5907b065278d3ce23168f6797cacd934ab0e4db"}},
  0},
 {<<"erlport">>,
  {git,"https://gitee.com/fastdgiot/erlport",
       {ref,"b4a38b665ca197884b9e54fe5ec49ae27b923f21"}},
  0},
 {<<"erlydtl">>,
  {git,"https://gitee.com/fastdgiot/erlydtl.git",
       {ref,"1de11bc111228d06c28fd3940998b2a14fbc0e2e"}},
  0},
 {<<"gen_smtp">>,
  {git,"https://gitee.com/fastdgiot/gen_smtp",
       {ref,"dd7a0008f8466f1e3d0b8104e5d51344d1c772dc"}},
  0},
 {<<"gproc">>,{pkg,<<"gproc">>,<<"0.8.0">>},1},
 {<<"grpcbox">>,
  {git,"https://gitee.com/fastdgiot/grpcbox",
       {ref,"43d69a3359087813366bc4ee1e66927cf5f398a8"}},
  0},
 {<<"hpack">>,{pkg,<<"hpack_erl">>,<<"0.2.3">>},2},
 {<<"hut">>,{pkg,<<"hut">>,<<"1.3.0">>},1},
 {<<"ibrowse">>,
  {git,"https://gitee.com/fastdgiot/ibrowse.git",
       {ref,"24cb21f9ec97ab3b181617d966e180ef519c5eef"}},
  0},
 {<<"jesse">>,
  {git,"https://gitee.com/fastdgiot/jesse.git",
       {ref,"ef0e038a0efa27c7e42fc6cfd963d06eec7c33d8"}},
  0},
 {<<"jsx">>,{pkg,<<"jsx">>,<<"3.1.0">>},1},
 {<<"jwerl">>,
  {git,"https://gitee.com/fastdgiot/jwerl.git",
       {ref,"2568daa153d42b1e6eece74f7eb2776907873fa1"}},
  0},
 {<<"poolboy">>,
  {git,"https://gitee.com/fastdgiot/poolboy.git",
       {ref,"9212a8770edb149ee7ca0bca353855e215f7cba5"}},
  0},
 {<<"rabbit_common">>,
  {git,"https://gitee.com/fastdgiot/rabbit_common",
       {ref,"80814606ae23cc820c74e443383e192cd69ec030"}},
  1},
 {<<"ranch">>,{pkg,<<"ranch">>,<<"1.7.1">>},1},
 {<<"rfc3339">>,{pkg,<<"rfc3339">>,<<"0.2.2">>},1}]}.
[
{pkg_hash,[
 {<<"acceptor_pool">>, <<"43C20D2ACAE35F0C2BCD64F9D2BDE267E459F0F3FD23DAB26485BF518C281B21">>},
 {<<"chatterbox">>, <<"6F059D97BCAA758B8EA6FFFE2B3B81362BD06B639D3EA2BB088335511D691EBF">>},
 {<<"ctx">>, <<"8FF88B70E6400C4DF90142E7F130625B82086077A45364A78D208ED3ED53C7FE">>},
 {<<"gproc">>, <<"CEA02C578589C61E5341FCE149EA36CCEF236CC2ECAC8691FBA408E7EA77EC2F">>},
 {<<"hpack">>, <<"17670F83FF984AE6CD74B1C456EDDE906D27FF013740EE4D9EFAA4F1BF999633">>},
 {<<"hut">>, <<"71F2F054E657C03F959CF1ACC43F436EA87580696528CA2A55C8AFB1B06C85E7">>},
 {<<"jsx">>, <<"D12516BAA0BB23A59BB35DCCAF02A1BD08243FCBB9EFE24F2D9D056CCFF71268">>},
 {<<"ranch">>, <<"6B1FAB51B49196860B733A49C07604465A47BDB78AA10C1C16A3D199F7F8C881">>},
 {<<"rfc3339">>, <<"1552DF616ACA368D982E9F085A0E933B6688A3F4938A671798978EC2C0C58730">>}]},
{pkg_hash_ext,[
 {<<"acceptor_pool">>, <<"0CBCD83FDC8B9AD2EEE2067EF8B91A14858A5883CB7CD800E6FCD5803E158788">>},
 {<<"chatterbox">>, <<"B93D19104D86AF0B3F2566C4CBA2A57D2E06D103728246BA1AC6C3C0FF010AA7">>},
 {<<"ctx">>, <<"A14ED2D1B67723DBEBBE423B28D7615EB0BDCBA6FF28F2D1F1B0A7E1D4AA5FC2">>},
 {<<"gproc">>, <<"580ADAFA56463B75263EF5A5DF4C86AF321F68694E7786CB057FD805D1E2A7DE">>},
 {<<"hpack">>, <<"06F580167C4B8B8A6429040DF36CC93BBA6D571FAEAEC1B28816523379CBB23A">>},
 {<<"hut">>, <<"7E15D28555D8A1F2B5A3A931EC120AF0753E4853A4C66053DB354F35BF9AB563">>},
 {<<"jsx">>, <<"0C5CC8FDC11B53CC25CF65AC6705AD39E54ECC56D1C22E4ADB8F5A53FB9427F3">>},
 {<<"ranch">>, <<"451D8527787DF716D99DC36162FCA05934915DB0B6141BBDAC2EA8D3C7AFC7D7">>},
 {<<"rfc3339">>, <<"986D7F9BAC6891AA4D5051690058DE4E623245620BBEADA7F239F85C4DF8F23C">>}]}
].
